// !$*UTF8*$!
{
	archiveVersion = 1;
	classes = {
	};
	objectVersion = 46;
	objects = {

/* Begin PBXBuildFile section */
		1C273BFD1E35192E001E30A2 /* AppDelegate.swift in Sources */ = {isa = PBXBuildFile; fileRef = 1C273BFC1E35192E001E30A2 /* AppDelegate.swift */; };
		1C273BFF1E35192E001E30A2 /* ViewController.swift in Sources */ = {isa = PBXBuildFile; fileRef = 1C273BFE1E35192E001E30A2 /* ViewController.swift */; };
		1C273C021E35192E001E30A2 /* Main.storyboard in Resources */ = {isa = PBXBuildFile; fileRef = 1C273C001E35192E001E30A2 /* Main.storyboard */; };
		1C273C041E35192E001E30A2 /* Assets.xcassets in Resources */ = {isa = PBXBuildFile; fileRef = 1C273C031E35192E001E30A2 /* Assets.xcassets */; };
		1C273C071E35192E001E30A2 /* LaunchScreen.storyboard in Resources */ = {isa = PBXBuildFile; fileRef = 1C273C051E35192E001E30A2 /* LaunchScreen.storyboard */; };
		1C273C121E35192E001E30A2 /* WUImageScalerTests.swift in Sources */ = {isa = PBXBuildFile; fileRef = 1C273C111E35192E001E30A2 /* WUImageScalerTests.swift */; };
		1C273C1D1E35192F001E30A2 /* WUImageScalerUITests.swift in Sources */ = {isa = PBXBuildFile; fileRef = 1C273C1C1E35192F001E30A2 /* WUImageScalerUITests.swift */; };
		1C273C2D1E351AC2001E30A2 /* WULogo.png in Resources */ = {isa = PBXBuildFile; fileRef = 1C273C2C1E351AC2001E30A2 /* WULogo.png */; };
/* End PBXBuildFile section */

/* Begin PBXContainerItemProxy section */
		1C273C0E1E35192E001E30A2 /* PBXContainerItemProxy */ = {
			isa = PBXContainerItemProxy;
			containerPortal = 1C273BF11E35192E001E30A2 /* Project object */;
			proxyType = 1;
			remoteGlobalIDString = 1C273BF81E35192E001E30A2;
			remoteInfo = WUImageScaler;
		};
		1C273C191E35192F001E30A2 /* PBXContainerItemProxy */ = {
			isa = PBXContainerItemProxy;
			containerPortal = 1C273BF11E35192E001E30A2 /* Project object */;
			proxyType = 1;
			remoteGlobalIDString = 1C273BF81E35192E001E30A2;
			remoteInfo = WUImageScaler;
		};
/* End PBXContainerItemProxy section */

/* Begin PBXFileReference section */
		1C273BF91E35192E001E30A2 /* WUImageScaler.app */ = {isa = PBXFileReference; explicitFileType = wrapper.application; includeInIndex = 0; path = WUImageScaler.app; sourceTree = BUILT_PRODUCTS_DIR; };
		1C273BFC1E35192E001E30A2 /* AppDelegate.swift */ = {isa = PBXFileReference; lastKnownFileType = sourcecode.swift; path = AppDelegate.swift; sourceTree = "<group>"; };
		1C273BFE1E35192E001E30A2 /* ViewController.swift */ = {isa = PBXFileReference; lastKnownFileType = sourcecode.swift; path = ViewController.swift; sourceTree = "<group>"; };
		1C273C011E35192E001E30A2 /* Base */ = {isa = PBXFileReference; lastKnownFileType = file.storyboard; name = Base; path = Base.lproj/Main.storyboard; sourceTree = "<group>"; };
		1C273C031E35192E001E30A2 /* Assets.xcassets */ = {isa = PBXFileReference; lastKnownFileType = folder.assetcatalog; path = Assets.xcassets; sourceTree = "<group>"; };
		1C273C061E35192E001E30A2 /* Base */ = {isa = PBXFileReference; lastKnownFileType = file.storyboard; name = Base; path = Base.lproj/LaunchScreen.storyboard; sourceTree = "<group>"; };
		1C273C081E35192E001E30A2 /* Info.plist */ = {isa = PBXFileReference; lastKnownFileType = text.plist.xml; path = Info.plist; sourceTree = "<group>"; };
		1C273C0D1E35192E001E30A2 /* WUImageScalerTests.xctest */ = {isa = PBXFileReference; explicitFileType = wrapper.cfbundle; includeInIndex = 0; path = WUImageScalerTests.xctest; sourceTree = BUILT_PRODUCTS_DIR; };
		1C273C111E35192E001E30A2 /* WUImageScalerTests.swift */ = {isa = PBXFileReference; lastKnownFileType = sourcecode.swift; path = WUImageScalerTests.swift; sourceTree = "<group>"; };
		1C273C131E35192E001E30A2 /* Info.plist */ = {isa = PBXFileReference; lastKnownFileType = text.plist.xml; path = Info.plist; sourceTree = "<group>"; };
		1C273C181E35192F001E30A2 /* WUImageScalerUITests.xctest */ = {isa = PBXFileReference; explicitFileType = wrapper.cfbundle; includeInIndex = 0; path = WUImageScalerUITests.xctest; sourceTree = BUILT_PRODUCTS_DIR; };
		1C273C1C1E35192F001E30A2 /* WUImageScalerUITests.swift */ = {isa = PBXFileReference; lastKnownFileType = sourcecode.swift; path = WUImageScalerUITests.swift; sourceTree = "<group>"; };
		1C273C1E1E35192F001E30A2 /* Info.plist */ = {isa = PBXFileReference; lastKnownFileType = text.plist.xml; path = Info.plist; sourceTree = "<group>"; };
		1C273C2C1E351AC2001E30A2 /* WULogo.png */ = {isa = PBXFileReference; lastKnownFileType = image.png; name = WULogo.png; path = Assets.xcassets/WULogo.png; sourceTree = "<group>"; };
/* End PBXFileReference section */

/* Begin PBXFrameworksBuildPhase section */
		1C273BF61E35192E001E30A2 /* Frameworks */ = {
			isa = PBXFrameworksBuildPhase;
			buildActionMask = 2147483647;
			files = (
			);
			runOnlyForDeploymentPostprocessing = 0;
		};
		1C273C0A1E35192E001E30A2 /* Frameworks */ = {
			isa = PBXFrameworksBuildPhase;
			buildActionMask = 2147483647;
			files = (
			);
			runOnlyForDeploymentPostprocessing = 0;
		};
		1C273C151E35192F001E30A2 /* Frameworks */ = {
			isa = PBXFrameworksBuildPhase;
			buildActionMask = 2147483647;
			files = (
			);
			runOnlyForDeploymentPostprocessing = 0;
		};
/* End PBXFrameworksBuildPhase section */

/* Begin PBXGroup section */
		1C273BF01E35192E001E30A2 = {
			isa = PBXGroup;
			children = (
				1C273BFB1E35192E001E30A2 /* WUImageScaler */,
				1C273C101E35192E001E30A2 /* WUImageScalerTests */,
				1C273C1B1E35192F001E30A2 /* WUImageScalerUITests */,
				1C273BFA1E35192E001E30A2 /* Products */,
			);
			sourceTree = "<group>";
		};
		1C273BFA1E35192E001E30A2 /* Products */ = {
			isa = PBXGroup;
			children = (
				1C273BF91E35192E001E30A2 /* WUImageScaler.app */,
				1C273C0D1E35192E001E30A2 /* WUImageScalerTests.xctest */,
				1C273C181E35192F001E30A2 /* WUImageScalerUITests.xctest */,
			);
			name = Products;
			sourceTree = "<group>";
		};
		1C273BFB1E35192E001E30A2 /* WUImageScaler */ = {
			isa = PBXGroup;
			children = (
				1C273BFC1E35192E001E30A2 /* AppDelegate.swift */,
				1C273BFE1E35192E001E30A2 /* ViewController.swift */,
				1C273C001E35192E001E30A2 /* Main.storyboard */,
				1C273C031E35192E001E30A2 /* Assets.xcassets */,
				1C273C2C1E351AC2001E30A2 /* WULogo.png */,
				1C273C051E35192E001E30A2 /* LaunchScreen.storyboard */,
				1C273C081E35192E001E30A2 /* Info.plist */,
			);
			path = WUImageScaler;
			sourceTree = "<group>";
		};
		1C273C101E35192E001E30A2 /* WUImageScalerTests */ = {
			isa = PBXGroup;
			children = (
				1C273C111E35192E001E30A2 /* WUImageScalerTests.swift */,
				1C273C131E35192E001E30A2 /* Info.plist */,
			);
			path = WUImageScalerTests;
			sourceTree = "<group>";
		};
		1C273C1B1E35192F001E30A2 /* WUImageScalerUITests */ = {
			isa = PBXGroup;
			children = (
				1C273C1C1E35192F001E30A2 /* WUImageScalerUITests.swift */,
				1C273C1E1E35192F001E30A2 /* Info.plist */,
			);
			path = WUImageScalerUITests;
			sourceTree = "<group>";
		};
/* End PBXGroup section */

/* Begin PBXNativeTarget section */
		1C273BF81E35192E001E30A2 /* WUImageScaler */ = {
			isa = PBXNativeTarget;
			buildConfigurationList = 1C273C211E35192F001E30A2 /* Build configuration list for PBXNativeTarget "WUImageScaler" */;
			buildPhases = (
				1C273BF51E35192E001E30A2 /* Sources */,
				1C273BF61E35192E001E30A2 /* Frameworks */,
				1C273BF71E35192E001E30A2 /* Resources */,
			);
			buildRules = (
			);
			dependencies = (
			);
			name = WUImageScaler;
			productName = WUImageScaler;
			productReference = 1C273BF91E35192E001E30A2 /* WUImageScaler.app */;
			productType = "com.apple.product-type.application";
		};
		1C273C0C1E35192E001E30A2 /* WUImageScalerTests */ = {
			isa = PBXNativeTarget;
			buildConfigurationList = 1C273C241E35192F001E30A2 /* Build configuration list for PBXNativeTarget "WUImageScalerTests" */;
			buildPhases = (
				1C273C091E35192E001E30A2 /* Sources */,
				1C273C0A1E35192E001E30A2 /* Frameworks */,
				1C273C0B1E35192E001E30A2 /* Resources */,
			);
			buildRules = (
			);
			dependencies = (
				1C273C0F1E35192E001E30A2 /* PBXTargetDependency */,
			);
			name = WUImageScalerTests;
			productName = WUImageScalerTests;
			productReference = 1C273C0D1E35192E001E30A2 /* WUImageScalerTests.xctest */;
			productType = "com.apple.product-type.bundle.unit-test";
		};
		1C273C171E35192F001E30A2 /* WUImageScalerUITests */ = {
			isa = PBXNativeTarget;
			buildConfigurationList = 1C273C271E35192F001E30A2 /* Build configuration list for PBXNativeTarget "WUImageScalerUITests" */;
			buildPhases = (
				1C273C141E35192F001E30A2 /* Sources */,
				1C273C151E35192F001E30A2 /* Frameworks */,
				1C273C161E35192F001E30A2 /* Resources */,
			);
			buildRules = (
			);
			dependencies = (
				1C273C1A1E35192F001E30A2 /* PBXTargetDependency */,
			);
			name = WUImageScalerUITests;
			productName = WUImageScalerUITests;
			productReference = 1C273C181E35192F001E30A2 /* WUImageScalerUITests.xctest */;
			productType = "com.apple.product-type.bundle.ui-testing";
		};
/* End PBXNativeTarget section */

/* Begin PBXProject section */
		1C273BF11E35192E001E30A2 /* Project object */ = {
			isa = PBXProject;
			attributes = {
				LastSwiftUpdateCheck = 0820;
				LastUpgradeCheck = 0820;
				ORGANIZATIONNAME = CorbanSwain;
				TargetAttributes = {
					1C273BF81E35192E001E30A2 = {
						CreatedOnToolsVersion = 8.2.1;
						DevelopmentTeam = 6934B89794;
						ProvisioningStyle = Automatic;
					};
					1C273C0C1E35192E001E30A2 = {
						CreatedOnToolsVersion = 8.2.1;
						ProvisioningStyle = Automatic;
						TestTargetID = 1C273BF81E35192E001E30A2;
					};
					1C273C171E35192F001E30A2 = {
						CreatedOnToolsVersion = 8.2.1;
						ProvisioningStyle = Automatic;
						TestTargetID = 1C273BF81E35192E001E30A2;
					};
				};
			};
			buildConfigurationList = 1C273BF41E35192E001E30A2 /* Build configuration list for PBXProject "WUImageScaler" */;
			compatibilityVersion = "Xcode 3.2";
			developmentRegion = English;
			hasScannedForEncodings = 0;
			knownRegions = (
				en,
				Base,
			);
			mainGroup = 1C273BF01E35192E001E30A2;
			productRefGroup = 1C273BFA1E35192E001E30A2 /* Products */;
			projectDirPath = "";
			projectRoot = "";
			targets = (
				1C273BF81E35192E001E30A2 /* WUImageScaler */,
				1C273C0C1E35192E001E30A2 /* WUImageScalerTests */,
				1C273C171E35192F001E30A2 /* WUImageScalerUITests */,
			);
		};
/* End PBXProject section */

/* Begin PBXResourcesBuildPhase section */
		1C273BF71E35192E001E30A2 /* Resources */ = {
			isa = PBXResourcesBuildPhase;
			buildActionMask = 2147483647;
			files = (
				1C273C071E35192E001E30A2 /* LaunchScreen.storyboard in Resources */,
				1C273C041E35192E001E30A2 /* Assets.xcassets in Resources */,
				1C273C2D1E351AC2001E30A2 /* WULogo.png in Resources */,
				1C273C021E35192E001E30A2 /* Main.storyboard in Resources */,
			);
			runOnlyForDeploymentPostprocessing = 0;
		};
		1C273C0B1E35192E001E30A2 /* Resources */ = {
			isa = PBXResourcesBuildPhase;
			buildActionMask = 2147483647;
			files = (
			);
			runOnlyForDeploymentPostprocessing = 0;
		};
		1C273C161E35192F001E30A2 /* Resources */ = {
			isa = PBXResourcesBuildPhase;
			buildActionMask = 2147483647;
			files = (
			);
			runOnlyForDeploymentPostprocessing = 0;
		};
/* End PBXResourcesBuildPhase section */

/* Begin PBXSourcesBuildPhase section */
		1C273BF51E35192E001E30A2 /* Sources */ = {
			isa = PBXSourcesBuildPhase;
			buildActionMask = 2147483647;
			files = (
				1C273BFF1E35192E001E30A2 /* ViewController.swift in Sources */,
				1C273BFD1E35192E001E30A2 /* AppDelegate.swift in Sources */,
			);
			runOnlyForDeploymentPostprocessing = 0;
		};
		1C273C091E35192E001E30A2 /* Sources */ = {
			isa = PBXSourcesBuildPhase;
			buildActionMask = 2147483647;
			files = (
				1C273C121E35192E001E30A2 /* WUImageScalerTests.swift in Sources */,
			);
			runOnlyForDeploymentPostprocessing = 0;
		};
		1C273C141E35192F001E30A2 /* Sources */ = {
			isa = PBXSourcesBuildPhase;
			buildActionMask = 2147483647;
			files = (
				1C273C1D1E35192F001E30A2 /* WUImageScalerUITests.swift in Sources */,
			);
			runOnlyForDeploymentPostprocessing = 0;
		};
/* End PBXSourcesBuildPhase section */

/* Begin PBXTargetDependency section */
		1C273C0F1E35192E001E30A2 /* PBXTargetDependency */ = {
			isa = PBXTargetDependency;
			target = 1C273BF81E35192E001E30A2 /* WUImageScaler */;
			targetProxy = 1C273C0E1E35192E001E30A2 /* PBXContainerItemProxy */;
		};
		1C273C1A1E35192F001E30A2 /* PBXTargetDependency */ = {
			isa = PBXTargetDependency;
			target = 1C273BF81E35192E001E30A2 /* WUImageScaler */;
			targetProxy = 1C273C191E35192F001E30A2 /* PBXContainerItemProxy */;
		};
/* End PBXTargetDependency section */

/* Begin PBXVariantGroup section */
		1C273C001E35192E001E30A2 /* Main.storyboard */ = {
			isa = PBXVariantGroup;
			children = (
				1C273C011E35192E001E30A2 /* Base */,
			);
			name = Main.storyboard;
			sourceTree = "<group>";
		};
		1C273C051E35192E001E30A2 /* LaunchScreen.storyboard */ = {
			isa = PBXVariantGroup;
			children = (
				1C273C061E35192E001E30A2 /* Base */,
			);
			name = LaunchScreen.storyboard;
			sourceTree = "<group>";
		};
/* End PBXVariantGroup section */

/* Begin XCBuildConfiguration section */
		1C273C1F1E35192F001E30A2 /* Debug */ = {
			isa = XCBuildConfiguration;
			buildSettings = {
				ALWAYS_SEARCH_USER_PATHS = NO;
				CLANG_ANALYZER_NONNULL = YES;
				CLANG_CXX_LANGUAGE_STANDARD = "gnu++0x";
				CLANG_CXX_LIBRARY = "libc++";
				CLANG_ENABLE_MODULES = YES;
				CLANG_ENABLE_OBJC_ARC = YES;
				CLANG_WARN_BOOL_CONVERSION = YES;
				CLANG_WARN_CONSTANT_CONVERSION = YES;
				CLANG_WARN_DIRECT_OBJC_ISA_USAGE = YES_ERROR;
				CLANG_WARN_DOCUMENTATION_COMMENTS = YES;
				CLANG_WARN_EMPTY_BODY = YES;
				CLANG_WARN_ENUM_CONVERSION = YES;
				CLANG_WARN_INFINITE_RECURSION = YES;
				CLANG_WARN_INT_CONVERSION = YES;
				CLANG_WARN_OBJC_ROOT_CLASS = YES_ERROR;
				CLANG_WARN_SUSPICIOUS_MOVE = YES;
				CLANG_WARN_UNREACHABLE_CODE = YES;
				CLANG_WARN__DUPLICATE_METHOD_MATCH = YES;
				"CODE_SIGN_IDENTITY[sdk=iphoneos*]" = "iPhone Developer";
				COPY_PHASE_STRIP = NO;
				DEBUG_INFORMATION_FORMAT = dwarf;
				ENABLE_STRICT_OBJC_MSGSEND = YES;
				ENABLE_TESTABILITY = YES;
				GCC_C_LANGUAGE_STANDARD = gnu99;
				GCC_DYNAMIC_NO_PIC = NO;
				GCC_NO_COMMON_BLOCKS = YES;
				GCC_OPTIMIZATION_LEVEL = 0;
				GCC_PREPROCESSOR_DEFINITIONS = (
					"DEBUG=1",
					"$(inherited)",
				);
				GCC_WARN_64_TO_32_BIT_CONVERSION = YES;
				GCC_WARN_ABOUT_RETURN_TYPE = YES_ERROR;
				GCC_WARN_UNDECLARED_SELECTOR = YES;
				GCC_WARN_UNINITIALIZED_AUTOS = YES_AGGRESSIVE;
				GCC_WARN_UNUSED_FUNCTION = YES;
				GCC_WARN_UNUSED_VARIABLE = YES;
				IPHONEOS_DEPLOYMENT_TARGET = 10.2;
				MTL_ENABLE_DEBUG_INFO = YES;
				ONLY_ACTIVE_ARCH = YES;
				SDKROOT = iphoneos;
				SWIFT_ACTIVE_COMPILATION_CONDITIONS = DEBUG;
				SWIFT_OPTIMIZATION_LEVEL = "-Onone";
			};
			name = Debug;
		};
		1C273C201E35192F001E30A2 /* Release */ = {
			isa = XCBuildConfiguration;
			buildSettings = {
				ALWAYS_SEARCH_USER_PATHS = NO;
				CLANG_ANALYZER_NONNULL = YES;
				CLANG_CXX_LANGUAGE_STANDARD = "gnu++0x";
				CLANG_CXX_LIBRARY = "libc++";
				CLANG_ENABLE_MODULES = YES;
				CLANG_ENABLE_OBJC_ARC = YES;
				CLANG_WARN_BOOL_CONVERSION = YES;
				CLANG_WARN_CONSTANT_CONVERSION = YES;
				CLANG_WARN_DIRECT_OBJC_ISA_USAGE = YES_ERROR;
				CLANG_WARN_DOCUMENTATION_COMMENTS = YES;
				CLANG_WARN_EMPTY_BODY = YES;
				CLANG_WARN_ENUM_CONVERSION = YES;
				CLANG_WARN_INFINITE_RECURSION = YES;
				CLANG_WARN_INT_CONVERSION = YES;
				CLANG_WARN_OBJC_ROOT_CLASS = YES_ERROR;
				CLANG_WARN_SUSPICIOUS_MOVE = YES;
				CLANG_WARN_UNREACHABLE_CODE = YES;
				CLANG_WARN__DUPLICATE_METHOD_MATCH = YES;
				"CODE_SIGN_IDENTITY[sdk=iphoneos*]" = "iPhone Developer";
				COPY_PHASE_STRIP = NO;
				DEBUG_INFORMATION_FORMAT = "dwarf-with-dsym";
				ENABLE_NS_ASSERTIONS = NO;
				ENABLE_STRICT_OBJC_MSGSEND = YES;
				GCC_C_LANGUAGE_STANDARD = gnu99;
				GCC_NO_COMMON_BLOCKS = YES;
				GCC_WARN_64_TO_32_BIT_CONVERSION = YES;
				GCC_WARN_ABOUT_RETURN_TYPE = YES_ERROR;
				GCC_WARN_UNDECLARED_SELECTOR = YES;
				GCC_WARN_UNINITIALIZED_AUTOS = YES_AGGRESSIVE;
				GCC_WARN_UNUSED_FUNCTION = YES;
				GCC_WARN_UNUSED_VARIABLE = YES;
				IPHONEOS_DEPLOYMENT_TARGET = 10.2;
				MTL_ENABLE_DEBUG_INFO = NO;
				SDKROOT = iphoneos;
				SWIFT_OPTIMIZATION_LEVEL = "-Owholemodule";
				VALIDATE_PRODUCT = YES;
			};
			name = Release;
		};
		1C273C221E35192F001E30A2 /* Debug */ = {
			isa = XCBuildConfiguration;
			buildSettings = {
				ASSETCATALOG_COMPILER_APPICON_NAME = AppIcon;
				DEVELOPMENT_TEAM = 6934B89794;
				INFOPLIST_FILE = WUImageScaler/Info.plist;
				LD_RUNPATH_SEARCH_PATHS = "$(inherited) @executable_path/Frameworks";
				PRODUCT_BUNDLE_IDENTIFIER = CorbanSwain.WUImageScaler;
				PRODUCT_NAME = "$(TARGET_NAME)";
				SWIFT_VERSION = 3.0;
			};
			name = Debug;
		};
		1C273C231E35192F001E30A2 /* Release */ = {
			isa = XCBuildConfiguration;
			buildSettings = {
				ASSETCATALOG_COMPILER_APPICON_NAME = AppIcon;
				DEVELOPMENT_TEAM = 6934B89794;
				INFOPLIST_FILE = WUImageScaler/Info.plist;
				LD_RUNPATH_SEARCH_PATHS = "$(inherited) @executable_path/Frameworks";
				PRODUCT_BUNDLE_IDENTIFIER = CorbanSwain.WUImageScaler;
				PRODUCT_NAME = "$(TARGET_NAME)";
				SWIFT_VERSION = 3.0;
			};
			name = Release;
		};
		1C273C251E35192F001E30A2 /* Debug */ = {
			isa = XCBuildConfiguration;
			buildSettings = {
				ALWAYS_EMBED_SWIFT_STANDARD_LIBRARIES = YES;
				BUNDLE_LOADER = "$(TEST_HOST)";
				INFOPLIST_FILE = WUImageScalerTests/Info.plist;
				LD_RUNPATH_SEARCH_PATHS = "$(inherited) @executable_path/Frameworks @loader_path/Frameworks";
				PRODUCT_BUNDLE_IDENTIFIER = CorbanSwain.WUImageScalerTests;
				PRODUCT_NAME = "$(TARGET_NAME)";
				SWIFT_VERSION = 3.0;
				TEST_HOST = "$(BUILT_PRODUCTS_DIR)/WUImageScaler.app/WUImageScaler";
			};
			name = Debug;
		};
		1C273C261E35192F001E30A2 /* Release */ = {
			isa = XCBuildConfiguration;
			buildSettings = {
				ALWAYS_EMBED_SWIFT_STANDARD_LIBRARIES = YES;
				BUNDLE_LOADER = "$(TEST_HOST)";
				INFOPLIST_FILE = WUImageScalerTests/Info.plist;
				LD_RUNPATH_SEARCH_PATHS = "$(inherited) @executable_path/Frameworks @loader_path/Frameworks";
				PRODUCT_BUNDLE_IDENTIFIER = CorbanSwain.WUImageScalerTests;
				PRODUCT_NAME = "$(TARGET_NAME)";
				SWIFT_VERSION = 3.0;
				TEST_HOST = "$(BUILT_PRODUCTS_DIR)/WUImageScaler.app/WUImageScaler";
			};
			name = Release;
		};
		1C273C281E35192F001E30A2 /* Debug */ = {
			isa = XCBuildConfiguration;
			buildSettings = {
				ALWAYS_EMBED_SWIFT_STANDARD_LIBRARIES = YES;
				INFOPLIST_FILE = WUImageScalerUITests/Info.plist;
				LD_RUNPATH_SEARCH_PATHS = "$(inherited) @executable_path/Frameworks @loader_path/Frameworks";
				PRODUCT_BUNDLE_IDENTIFIER = CorbanSwain.WUImageScalerUITests;
				PRODUCT_NAME = "$(TARGET_NAME)";
				SWIFT_VERSION = 3.0;
				TEST_TARGET_NAME = WUImageScaler;
			};
			name = Debug;
		};
		1C273C291E35192F001E30A2 /* Release */ = {
			isa = XCBuildConfiguration;
			buildSettings = {
				ALWAYS_EMBED_SWIFT_STANDARD_LIBRARIES = YES;
				INFOPLIST_FILE = WUImageScalerUITests/Info.plist;
				LD_RUNPATH_SEARCH_PATHS = "$(inherited) @executable_path/Frameworks @loader_path/Frameworks";
				PRODUCT_BUNDLE_IDENTIFIER = CorbanSwain.WUImageScalerUITests;
				PRODUCT_NAME = "$(TARGET_NAME)";
				SWIFT_VERSION = 3.0;
				TEST_TARGET_NAME = WUImageScaler;
			};
			name = Release;
		};
/* End XCBuildConfiguration section */

/* Begin XCConfigurationList section */
		1C273BF41E35192E001E30A2 /* Build configuration list for PBXProject "WUImageScaler" */ = {
			isa = XCConfigurationList;
			buildConfigurations = (
				1C273C1F1E35192F001E30A2 /* Debug */,
				1C273C201E35192F001E30A2 /* Release */,
			);
			defaultConfigurationIsVisible = 0;
			defaultConfigurationName = Release;
		};
		1C273C211E35192F001E30A2 /* Build configuration list for PBXNativeTarget "WUImageScaler" */ = {
			isa = XCConfigurationList;
			buildConfigurations = (
				1C273C221E35192F001E30A2 /* Debug */,
				1C273C231E35192F001E30A2 /* Release */,
			);
			defaultConfigurationIsVisible = 0;
		};
		1C273C241E35192F001E30A2 /* Build configuration list for PBXNativeTarget "WUImageScalerTests" */ = {
			isa = XCConfigurationList;
			buildConfigurations = (
				1C273C251E35192F001E30A2 /* Debug */,
				1C273C261E35192F001E30A2 /* Release */,
			);
			defaultConfigurationIsVisible = 0;
		};
		1C273C271E35192F001E30A2 /* Build configuration list for PBXNativeTarget "WUImageScalerUITests" */ = {
			isa = XCConfigurationList;
			buildConfigurations = (
				1C273C281E35192F001E30A2 /* Debug */,
				1C273C291E35192F001E30A2 /* Release */,
			);
			defaultConfigurationIsVisible = 0;
		};
/* End XCConfigurationList section */
	};
	rootObject = 1C273BF11E35192E001E30A2 /* Project object */;
}
